
Microsoft Visual Studio Solution File, Format Version 12.00
# Visual Studio Version 17
VisualStudioVersion = 17.14.36408.4
MinimumVisualStudioVersion = 10.0.40219.1
Project("{FAE04EC0-301F-11D3-BF4B-00C04F79EFBC}") = "OpenFund.API", "OpenFund.API\OpenFund.API.csproj", "{A28685EB-3CBE-46C6-8792-F1C3195DD6DE}"
EndProject
Global
	GlobalSection(SolutionConfigurationPlatforms) = preSolution
		Debug|Any CPU = Debug|Any CPU
		Release|Any CPU = Release|Any CPU
	EndGlobalSection
	GlobalSection(ProjectConfigurationPlatforms) = postSolution
		{A28685EB-3CBE-46C6-8792-F1C3195DD6DE}.Debug|Any CPU.ActiveCfg = Debug|Any CPU
		{A28685EB-3CBE-46C6-8792-F1C3195DD6DE}.Debug|Any CPU.Build.0 = Debug|Any CPU
		{A28685EB-3CBE-46C6-8792-F1C3195DD6DE}.Release|Any CPU.ActiveCfg = Release|Any CPU
		{A28685EB-3CBE-46C6-8792-F1C3195DD6DE}.Release|Any CPU.Build.0 = Release|Any CPU
	EndGlobalSection
	GlobalSection(SolutionProperties) = preSolution
		HideSolutionNode = FALSE
	EndGlobalSection
	GlobalSection(ExtensibilityGlobals) = postSolution
		SolutionGuid = {88EBC739-B6B3-49A8-B6F2-DF2054DC14E4}
	EndGlobalSection
EndGlobal
